
Microsoft Visual Studio Solution File, Format Version 12.00
# Visual Studio 2013
VisualStudioVersion = 12.0.30501.0
MinimumVisualStudioVersion = 10.0.40219.1
Project("{FAE04EC0-301F-11D3-BF4B-00C04F79EFBC}") = "Property4U", "Property4U\Property4U.csproj", "{ED13FC11-5D66-493C-B90C-0D4F56D4DD41}"
EndProject
Project("{2150E333-8FDC-42A3-9474-1A3956D46DE8}") = ".nuget", ".nuget", "{6058064D-A44F-4C35-92E0-D86FC596D6B0}"
EndProject
Global
	GlobalSection(SolutionConfigurationPlatforms) = preSolution
		Debug|Any CPU = Debug|Any CPU
		Release|Any CPU = Release|Any CPU
	EndGlobalSection
	GlobalSection(ProjectConfigurationPlatforms) = postSolution
		{ED13FC11-5D66-493C-B90C-0D4F56D4DD41}.Debug|Any CPU.ActiveCfg = Debug|Any CPU
		{ED13FC11-5D66-493C-B90C-0D4F56D4DD41}.Debug|Any CPU.Build.0 = Debug|Any CPU
		{ED13FC11-5D66-493C-B90C-0D4F56D4DD41}.Release|Any CPU.ActiveCfg = Release|Any CPU
		{ED13FC11-5D66-493C-B90C-0D4F56D4DD41}.Release|Any CPU.Build.0 = Release|Any CPU
	EndGlobalSection
	GlobalSection(SolutionProperties) = preSolution
		HideSolutionNode = FALSE
	EndGlobalSection
EndGlobal
